{
    "_meta": {
        "hash": {
            "sha256": "3c4cada1b411dcf308f749393ec5159024e519d15458cc69dab0dbb588c35dbe"
        },
        "pipfile-spec": 6,
        "requires": {
            "python_version": "3.8"
        },
        "sources": [
            {
                "name": "pypi",
                "url": "https://pypi.org/simple",
                "verify_ssl": true
            }
        ]
    },
    "default": {
        "antlr4-python3-runtime": {
            "hashes": [
                "sha256:15793f5d0512a372b4e7d2284058ad32ce7dd27126b105fb0b2245130445db33"
            ],
            "index": "pypi",
            "version": "==4.8"
        }
    },
    "develop": {}
}
